PODS:
  - FMDB (2.6.2):
    - FMDB/standard (= 2.6.2)
  - FMDB/standard (2.6.2)
  - HHToolKit (0.1.1):
    - FMDB (= 2.6.2)
    - HHToolKit/ASIHTTPRequest (= 0.1.1)
    - LKDBHelper (= 2.4)
    - Masonry (= 0.6.3)
  - HHToolKit/ASIHTTPRequest (0.1.1):
    - FMDB (= 2.6.2)
    - LKDBHelper (= 2.4)
    - Masonry (= 0.6.3)
  - LKDBHelper (2.4):
    - FMDB
  - Masonry (0.6.3)

DEPENDENCIES:
  - FMDB (= 2.6.2)
  - HHToolKit (from `../`)
  - LKDBHelper (= 2.4)
  - Masonry (= 0.6.3)

SPEC REPOS:
  https://github.com/cocoapods/specs.git:
    - FMDB
    - LKDBHelper
    - Masonry

EXTERNAL SOURCES:
  HHToolKit:
    :path: "../"

SPEC CHECKSUMS:
  FMDB: 854a0341b4726e53276f2a8996f06f1b80f9259a
  HHToolKit: 7c3f5a8fe56e8dfb062ce5190336c82b64eb5624
  LKDBHelper: 1162892ca4ffc28029070d6f40f57b333133f1c4
  Masonry: ff105a956abcd19a618b2028b121cb638d7a8e2f

PODFILE CHECKSUM: 3ac6c47fa9f5e1fd2eaf88ac07f6eebfec2853c2

COCOAPODS: 1.5.3
